version = 1
revision = 2
requires-python = ">=3.13"

[[package]]
name = "colorama"
version = "0.4.6"
source = { registry = "https://pypi.org/simple" }
sdist = { url = "https://files.pythonhosted.org/packages/d8/53/6f443c9a4a8358a93a6792e2acffb9d9d5cb0a5cfd8802644b7b1c9a02e4/colorama-0.4.6.tar.gz", hash = "sha256:08695f5cb7ed6e0531a20572697297273c47b8cae5a63ffc6d6ed5c201be6e44", size = 27697, upload_time = "2022-10-25T02:36:22.414Z" }
wheels = [
    { url = "https://files.pythonhosted.org/packages/d1/d6/3965ed04c63042e047cb6a3e6ed1a63a35087b6a609aa3a15ed8ac56c221/colorama-0.4.6-py2.py3-none-any.whl", hash = "sha256:4f1d9991f5acc0ca119f9d443620b77f9d6b33703e51011c16baf57afb285fc6", size = 25335, upload_time = "2022-10-25T02:36:20.889Z" },
]

[[package]]
name = "coverage"
version = "7.8.1"
source = { registry = "https://pypi.org/simple" }
sdist = { url = "https://files.pythonhosted.org/packages/27/b4/a707d96c2c1ce9402ce1ce7124c53b9e4e1f3e617652a5ed2fbba4c9b4be/coverage-7.8.1.tar.gz", hash = "sha256:d41d4da5f2871b1782c6b74948d2d37aac3a5b39b43a6ba31d736b97a02ae1f1", size = 812193, upload_time = "2025-05-21T12:39:46.1Z" }
wheels = [
    { url = "https://files.pythonhosted.org/packages/ed/0a/696a8d6c245a72f61589e2015a633fab5aacd8c916802df41d23e387b442/coverage-7.8.1-cp313-cp313-macosx_10_13_x86_64.whl", hash = "sha256:dd5c305faa2e69334a53061b3168987847dadc2449bab95735242a9bde92fde8", size = 211902, upload_time = "2025-05-21T12:38:44.54Z" },
    { url = "https://files.pythonhosted.org/packages/3b/2f/0c065dfaf497586cf1693dee2a94e7489a4be840a5bbe765a7a78735268b/coverage-7.8.1-cp313-cp313-macosx_11_0_arm64.whl", hash = "sha256:af6b8cdf0857fd4e6460dd6639c37c3f82163127f6112c1942b5e6a52a477676", size = 212175, upload_time = "2025-05-21T12:38:46.143Z" },
    { url = "https://files.pythonhosted.org/packages/ff/a1/a8a40658f67311c96c3d9073293fefee8a9485906ed531546dffe35fdd4b/coverage-7.8.1-cp313-cp313-manylinux_2_17_aarch64.manylinux2014_aarch64.whl", hash = "sha256:e233a56bbf99e4cb134c4f8e63b16c77714e3987daf2c5aa10c3ba8c4232d730", size = 245564, upload_time = "2025-05-21T12:38:47.843Z" },
    { url = "https://files.pythonhosted.org/packages/6e/94/dc36e2256ce484f482ed5b2a103a261009c301cdad237fdefe2a9b6ddeab/coverage-7.8.1-cp313-cp313-manylinux_2_5_i686.manylinux1_i686.manylinux_2_17_i686.manylinux2014_i686.whl", hash = "sha256:9dabc70012fd7b58a8040a7bc1b5f71fd0e62e2138aefdd8367d3d24bf82c349", size = 242719, upload_time = "2025-05-21T12:38:49.517Z" },
    { url = "https://files.pythonhosted.org/packages/73/d7/d096859c59f02d4550e6bc9180bd06c88313c32977d7458e0d4ed06ed057/coverage-7.8.1-cp313-cp313-manylinux_2_5_x86_64.manylinux1_x86_64.manylinux_2_17_x86_64.manylinux2014_x86_64.whl", hash = "sha256:e1f8e96455907496b3e4ea16f63bb578da31e17d2805278b193525e7714f17f2", size = 244634, upload_time = "2025-05-21T12:38:51.18Z" },
    { url = "https://files.pythonhosted.org/packages/be/a0/6f4db84d1d3334ca37c2dae02a54761a1a3918aec56faec26f1590077181/coverage-7.8.1-cp313-cp313-musllinux_1_2_aarch64.whl", hash = "sha256:0034ceec8e91fdaf77350901cc48f47efd00f23c220a3f9fc1187774ddf307cb", size = 244824, upload_time = "2025-05-21T12:38:52.789Z" },
    { url = "https://files.pythonhosted.org/packages/96/46/1e74016ba7d9f4242170f9d814454e6483a640332a67c0e139dab7d85762/coverage-7.8.1-cp313-cp313-musllinux_1_2_i686.whl", hash = "sha256:82db9344a07dd9106796b9fe8805425633146a7ea7fed5ed07c65a64d0bb79e1", size = 242872, upload_time = "2025-05-21T12:38:54.493Z" },
    { url = "https://files.pythonhosted.org/packages/22/41/51df77f279b49e7dd05ee9dfe746cf8698c873ffdf7fbe57aaee9522ec67/coverage-7.8.1-cp313-cp313-musllinux_1_2_x86_64.whl", hash = "sha256:9772c9e266b2ca4999180c12b90c8efb4c5c9ad3e55f301d78bc579af6467ad9", size = 244179, upload_time = "2025-05-21T12:38:56.762Z" },
    { url = "https://files.pythonhosted.org/packages/b8/83/6207522f3afb64592c47353bc79b0e3e6c3f48fde5e5221ab2b80a12e93d/coverage-7.8.1-cp313-cp313-win32.whl", hash = "sha256:6f24a1e2c373a77afae21bc512466a91e31251685c271c5309ee3e557f6e3e03", size = 214395, upload_time = "2025-05-21T12:38:58.631Z" },
    { url = "https://files.pythonhosted.org/packages/43/b8/cd40a8fff1633112ac40edde9006aceaa55b32a84976394a42c33547ef95/coverage-7.8.1-cp313-cp313-win_amd64.whl", hash = "sha256:76a4e1d62505a21971968be61ae17cbdc5e0c483265a37f7ddbbc050f9c0b8ec", size = 215195, upload_time = "2025-05-21T12:39:00.614Z" },
    { url = "https://files.pythonhosted.org/packages/7e/f0/8fea9beb378cdce803ba838293314b21527f4edab58dcbe2e6a5553e7dc8/coverage-7.8.1-cp313-cp313t-macosx_10_13_x86_64.whl", hash = "sha256:35dd5d405a1d378c39f3f30f628a25b0b99f1b8e5bdd78275df2e7b0404892d7", size = 212738, upload_time = "2025-05-21T12:39:02.808Z" },
    { url = "https://files.pythonhosted.org/packages/0c/90/f28953cd1246ad7839874ef97e181f153d4274cc6db21857fbca18b89c97/coverage-7.8.1-cp313-cp313t-macosx_11_0_arm64.whl", hash = "sha256:87b86a87f8de2e1bd0bcd45faf1b1edf54f988c8857157300e0336efcfb8ede6", size = 212958, upload_time = "2025-05-21T12:39:04.536Z" },
    { url = "https://files.pythonhosted.org/packages/fb/70/3f3d34ef68534afa73aee75537d1daf1e91029738cbf052ef828313aa960/coverage-7.8.1-cp313-cp313t-manylinux_2_17_aarch64.manylinux2014_aarch64.whl", hash = "sha256:ce4553a573edb363d5db12be1c044826878bec039159d6d4eafe826ef773396d", size = 257024, upload_time = "2025-05-21T12:39:06.703Z" },
    { url = "https://files.pythonhosted.org/packages/cf/66/96ab415609b777adfcfa00f29d75d2278da139c0958de7a50dd0023811e6/coverage-7.8.1-cp313-cp313t-manylinux_2_5_i686.manylinux1_i686.manylinux_2_17_i686.manylinux2014_i686.whl", hash = "sha256:db181a1896e0bad75b3bf4916c49fd3cf6751f9cc203fe0e0ecbee1fc43590fa", size = 252867, upload_time = "2025-05-21T12:39:08.818Z" },
    { url = "https://files.pythonhosted.org/packages/52/4f/3d48704c62fa5f72447005b8a77cc9cce5e164c2df357433442d17f2ac0a/coverage-7.8.1-cp313-cp313t-manylinux_2_5_x86_64.manylinux1_x86_64.manylinux_2_17_x86_64.manylinux2014_x86_64.whl", hash = "sha256:6ce2606a171f9cf7c15a77ca61f979ffc0e0d92cd2fb18767cead58c1d19f58e", size = 255096, upload_time = "2025-05-21T12:39:10.516Z" },
    { url = "https://files.pythonhosted.org/packages/64/1d/e8d4ac647c1967dd3dbc250fb4595b838b7067ad32602a7339ac467d9c5a/coverage-7.8.1-cp313-cp313t-musllinux_1_2_aarch64.whl", hash = "sha256:4fc4f7cff2495d6d112353c33a439230a6de0b7cd0c2578f1e8d75326f63d783", size = 256276, upload_time = "2025-05-21T12:39:12.177Z" },
    { url = "https://files.pythonhosted.org/packages/9c/e4/62e2f9521f3758dea07bcefc2c9c0dd34fa67d7035b0443c7c3072e6308b/coverage-7.8.1-cp313-cp313t-musllinux_1_2_i686.whl", hash = "sha256:ff619c58322d9d6df0a859dc76c3532d7bdbc125cb040f7cd642141446b4f654", size = 254478, upload_time = "2025-05-21T12:39:14.325Z" },
    { url = "https://files.pythonhosted.org/packages/49/41/7af246f5e68272f97a31a122da5878747e941fef019430485534d1f6a44a/coverage-7.8.1-cp313-cp313t-musllinux_1_2_x86_64.whl", hash = "sha256:c0d6290a466a6f3fadf6add2dd4ec11deba4e1a6e3db2dd284edd497aadf802f", size = 255255, upload_time = "2025-05-21T12:39:16.059Z" },
    { url = "https://files.pythonhosted.org/packages/05/5d/5dacd7915972f82d909f36974c6415667dae08a32478d87dfdbac6788e22/coverage-7.8.1-cp313-cp313t-win32.whl", hash = "sha256:e4e893c7f7fb12271a667d5c1876710fae06d7580343afdb5f3fc4488b73209e", size = 215112, upload_time = "2025-05-21T12:39:18.263Z" },
    { url = "https://files.pythonhosted.org/packages/8b/89/48e77e71e81e5b79fd6471083d087cd69517e5f585b548d87c92d5ae873c/coverage-7.8.1-cp313-cp313t-win_amd64.whl", hash = "sha256:41d142eefbc0bb3be160a77b2c0fbec76f345387676265052e224eb6c67b7af3", size = 216270, upload_time = "2025-05-21T12:39:20.461Z" },
    { url = "https://files.pythonhosted.org/packages/1b/a1/4d968d4605f3a87a809f0c8f495eed81656c93cf6c00818334498ad6ad45/coverage-7.8.1-py3-none-any.whl", hash = "sha256:e54b80885b0e61d346accc5709daf8762471a452345521cc9281604a907162c2", size = 203623, upload_time = "2025-05-21T12:39:43.473Z" },
]

[[package]]
name = "iniconfig"
version = "2.1.0"
source = { registry = "https://pypi.org/simple" }
sdist = { url = "https://files.pythonhosted.org/packages/f2/97/ebf4da567aa6827c909642694d71c9fcf53e5b504f2d96afea02718862f3/iniconfig-2.1.0.tar.gz", hash = "sha256:3abbd2e30b36733fee78f9c7f7308f2d0050e88f0087fd25c2645f63c773e1c7", size = 4793, upload_time = "2025-03-19T20:09:59.721Z" }
wheels = [
    { url = "https://files.pythonhosted.org/packages/2c/e1/e6716421ea10d38022b952c159d5161ca1193197fb744506875fbb87ea7b/iniconfig-2.1.0-py3-none-any.whl", hash = "sha256:9deba5723312380e77435581c6bf4935c94cbfab9b1ed33ef8d238ea168eb760", size = 6050, upload_time = "2025-03-19T20:10:01.071Z" },
]

[[package]]
name = "packaging"
version = "25.0"
source = { registry = "https://pypi.org/simple" }
sdist = { url = "https://files.pythonhosted.org/packages/a1/d4/1fc4078c65507b51b96ca8f8c3ba19e6a61c8253c72794544580a7b6c24d/packaging-25.0.tar.gz", hash = "sha256:d443872c98d677bf60f6a1f2f8c1cb748e8fe762d2bf9d3148b5599295b0fc4f", size = 165727, upload_time = "2025-04-19T11:48:59.673Z" }
wheels = [
    { url = "https://files.pythonhosted.org/packages/20/12/38679034af332785aac8774540895e234f4d07f7545804097de4b666afd8/packaging-25.0-py3-none-any.whl", hash = "sha256:29572ef2b1f17581046b3a2227d5c611fb25ec70ca1ba8554b24b0e69331a484", size = 66469, upload_time = "2025-04-19T11:48:57.875Z" },
]

[[package]]
name = "parapoint"
version = "0.1.0"
source = { virtual = "." }
dependencies = [
    { name = "pytest" },
]

[package.optional-dependencies]
test = [
    { name = "pytest" },
    { name = "pytest-cov" },
]

[package.metadata]
requires-dist = [
    { name = "pytest", specifier = ">=8.3.5" },
    { name = "pytest", marker = "extra == 'test'", specifier = ">=7.0" },
    { name = "pytest-cov", marker = "extra == 'test'", specifier = ">=3.0" },
]
provides-extras = ["test"]

[[package]]
name = "pluggy"
version = "1.6.0"
source = { registry = "https://pypi.org/simple" }
sdist = { url = "https://files.pythonhosted.org/packages/f9/e2/3e91f31a7d2b083fe6ef3fa267035b518369d9511ffab804f839851d2779/pluggy-1.6.0.tar.gz", hash = "sha256:7dcc130b76258d33b90f61b658791dede3486c3e6bfb003ee5c9bfb396dd22f3", size = 69412, upload_time = "2025-05-15T12:30:07.975Z" }
wheels = [
    { url = "https://files.pythonhosted.org/packages/54/20/4d324d65cc6d9205fabedc306948156824eb9f0ee1633355a8f7ec5c66bf/pluggy-1.6.0-py3-none-any.whl", hash = "sha256:e920276dd6813095e9377c0bc5566d94c932c33b27a3e3945d8389c374dd4746", size = 20538, upload_time = "2025-05-15T12:30:06.134Z" },
]

[[package]]
name = "pytest"
version = "8.3.5"
source = { registry = "https://pypi.org/simple" }
dependencies = [
    { name = "colorama", marker = "sys_platform == 'win32'" },
    { name = "iniconfig" },
    { name = "packaging" },
    { name = "pluggy" },
]
sdist = { url = "https://files.pythonhosted.org/packages/ae/3c/c9d525a414d506893f0cd8a8d0de7706446213181570cdbd766691164e40/pytest-8.3.5.tar.gz", hash = "sha256:f4efe70cc14e511565ac476b57c279e12a855b11f48f212af1080ef2263d3845", size = 1450891, upload_time = "2025-03-02T12:54:54.503Z" }
wheels = [
    { url = "https://files.pythonhosted.org/packages/30/3d/64ad57c803f1fa1e963a7946b6e0fea4a70df53c1a7fed304586539c2bac/pytest-8.3.5-py3-none-any.whl", hash = "sha256:c69214aa47deac29fad6c2a4f590b9c4a9fdb16a403176fe154b79c0b4d4d820", size = 343634, upload_time = "2025-03-02T12:54:52.069Z" },
]

[[package]]
name = "pytest-cov"
version = "6.1.1"
source = { registry = "https://pypi.org/simple" }
dependencies = [
    { name = "coverage" },
    { name = "pytest" },
]
sdist = { url = "https://files.pythonhosted.org/packages/25/69/5f1e57f6c5a39f81411b550027bf72842c4567ff5fd572bed1edc9e4b5d9/pytest_cov-6.1.1.tar.gz", hash = "sha256:46935f7aaefba760e716c2ebfbe1c216240b9592966e7da99ea8292d4d3e2a0a", size = 66857, upload_time = "2025-04-05T14:07:51.592Z" }
wheels = [
    { url = "https://files.pythonhosted.org/packages/28/d0/def53b4a790cfb21483016430ed828f64830dd981ebe1089971cd10cab25/pytest_cov-6.1.1-py3-none-any.whl", hash = "sha256:bddf29ed2d0ab6f4df17b4c55b0a657287db8684af9c42ea546b21b1041b3dde", size = 23841, upload_time = "2025-04-05T14:07:49.641Z" },
]
